// !$*UTF8*$!
{
	archiveVersion = 1;
	classes = {
	};
	objectVersion = 56;
	objects = {

/* Begin PBXBuildFile section */
		720D2CA52B5011660037F7D5 /* AppDelegate.swift in Sources */ = {isa = PBXBuildFile; fileRef = 720D2CA42B5011660037F7D5 /* AppDelegate.swift */; };
		720D2CA72B5011660037F7D5 /* SceneDelegate.swift in Sources */ = {isa = PBXBuildFile; fileRef = 720D2CA62B5011660037F7D5 /* SceneDelegate.swift */; };
		720D2CA92B5011660037F7D5 /* RMTabBarController.swift in Sources */ = {isa = PBXBuildFile; fileRef = 720D2CA82B5011660037F7D5 /* RMTabBarController.swift */; };
		720D2CAE2B5011680037F7D5 /* Assets.xcassets in Resources */ = {isa = PBXBuildFile; fileRef = 720D2CAD2B5011680037F7D5 /* Assets.xcassets */; };
		720D2CB12B5011680037F7D5 /* LaunchScreen.storyboard in Resources */ = {isa = PBXBuildFile; fileRef = 720D2CAF2B5011680037F7D5 /* LaunchScreen.storyboard */; };
		720D2CC02B5015920037F7D5 /* RMLocation.swift in Sources */ = {isa = PBXBuildFile; fileRef = 720D2CBF2B5015920037F7D5 /* RMLocation.swift */; };
		720D2CC22B5015A30037F7D5 /* RMCharacter.swift in Sources */ = {isa = PBXBuildFile; fileRef = 720D2CC12B5015A30037F7D5 /* RMCharacter.swift */; };
		720D2CC42B5015B10037F7D5 /* RMEpisode.swift in Sources */ = {isa = PBXBuildFile; fileRef = 720D2CC32B5015B10037F7D5 /* RMEpisode.swift */; };
		720D2CC72B5016B50037F7D5 /* RMCharacterViewController.swift in Sources */ = {isa = PBXBuildFile; fileRef = 720D2CC62B5016B50037F7D5 /* RMCharacterViewController.swift */; };
		720D2CC92B5016D90037F7D5 /* RMLocationViewController.swift in Sources */ = {isa = PBXBuildFile; fileRef = 720D2CC82B5016D90037F7D5 /* RMLocationViewController.swift */; };
		720D2CCB2B5016F70037F7D5 /* RMEpisodeViewController.swift in Sources */ = {isa = PBXBuildFile; fileRef = 720D2CCA2B5016F70037F7D5 /* RMEpisodeViewController.swift */; };
		720D2CCD2B5017170037F7D5 /* RMSettingsViewController.swift in Sources */ = {isa = PBXBuildFile; fileRef = 720D2CCC2B5017170037F7D5 /* RMSettingsViewController.swift */; };
		720D2CCF2B5067300037F7D5 /* RMService.swift in Sources */ = {isa = PBXBuildFile; fileRef = 720D2CCE2B50672F0037F7D5 /* RMService.swift */; };
		720D2CD12B50673F0037F7D5 /* RMRequest.swift in Sources */ = {isa = PBXBuildFile; fileRef = 720D2CD02B50673F0037F7D5 /* RMRequest.swift */; };
		720D2CD32B5068250037F7D5 /* RMEndpoint.swift in Sources */ = {isa = PBXBuildFile; fileRef = 720D2CD22B5068250037F7D5 /* RMEndpoint.swift */; };
		725948A92B6A30BF0072ADB7 /* RMSettingsView.swift in Sources */ = {isa = PBXBuildFile; fileRef = 725948A82B6A30BF0072ADB7 /* RMSettingsView.swift */; };
		727531492B63E76900ADA8D2 /* RMSearchViewController.swift in Sources */ = {isa = PBXBuildFile; fileRef = 727531482B63E76900ADA8D2 /* RMSearchViewController.swift */; };
		7275314C2B643AD700ADA8D2 /* RMEpisodeInfoCollectionViewCell.swift in Sources */ = {isa = PBXBuildFile; fileRef = 7275314B2B643AD700ADA8D2 /* RMEpisodeInfoCollectionViewCell.swift */; };
		7275314F2B643B2E00ADA8D2 /* RMEpisodeInfoCollectionViewCellViewModel.swift in Sources */ = {isa = PBXBuildFile; fileRef = 7275314E2B643B2E00ADA8D2 /* RMEpisodeInfoCollectionViewCellViewModel.swift */; };
		727531522B69783000ADA8D2 /* RMSettingsViewViewModel.swift in Sources */ = {isa = PBXBuildFile; fileRef = 727531512B69783000ADA8D2 /* RMSettingsViewViewModel.swift */; };
		727531542B6978D800ADA8D2 /* RMSettingsCellViewModel.swift in Sources */ = {isa = PBXBuildFile; fileRef = 727531532B6978D800ADA8D2 /* RMSettingsCellViewModel.swift */; };
		727531562B6979B400ADA8D2 /* RMSettingsOption.swift in Sources */ = {isa = PBXBuildFile; fileRef = 727531552B6979B400ADA8D2 /* RMSettingsOption.swift */; };
		72B533842B73A3A7002A6CA5 /* RMSearchResultViewModel.swift in Sources */ = {isa = PBXBuildFile; fileRef = 72B533832B73A3A7002A6CA5 /* RMSearchResultViewModel.swift */; };
		72D8596E2B6A80020095DA9F /* RMLocationView.swift in Sources */ = {isa = PBXBuildFile; fileRef = 72D8596D2B6A80020095DA9F /* RMLocationView.swift */; };
		72D859702B6A86DA0095DA9F /* RMLocationViewViewModel.swift in Sources */ = {isa = PBXBuildFile; fileRef = 72D8596F2B6A86DA0095DA9F /* RMLocationViewViewModel.swift */; };
		72D859722B6A93E00095DA9F /* RMGetAllLocationsResponse.swift in Sources */ = {isa = PBXBuildFile; fileRef = 72D859712B6A93E00095DA9F /* RMGetAllLocationsResponse.swift */; };
		72D859742B6A98850095DA9F /* RMLocationTableViewCell.swift in Sources */ = {isa = PBXBuildFile; fileRef = 72D859732B6A98850095DA9F /* RMLocationTableViewCell.swift */; };
		72D859772B6A99D40095DA9F /* RMLocationTableViewCellViewModel.swift in Sources */ = {isa = PBXBuildFile; fileRef = 72D859762B6A99D40095DA9F /* RMLocationTableViewCellViewModel.swift */; };
		72D859792B6AD2930095DA9F /* RMLocationDetailViewController.swift in Sources */ = {isa = PBXBuildFile; fileRef = 72D859782B6AD2930095DA9F /* RMLocationDetailViewController.swift */; };
		72D8597C2B6AD58F0095DA9F /* RMLocationDetailView.swift in Sources */ = {isa = PBXBuildFile; fileRef = 72D8597B2B6AD58F0095DA9F /* RMLocationDetailView.swift */; };
		72D8597E2B6AD7990095DA9F /* RMLocationDetailViewViewModel.swift in Sources */ = {isa = PBXBuildFile; fileRef = 72D8597D2B6AD7990095DA9F /* RMLocationDetailViewViewModel.swift */; };
		72D859812B6BB5D70095DA9F /* RMSearchView.swift in Sources */ = {isa = PBXBuildFile; fileRef = 72D859802B6BB5D70095DA9F /* RMSearchView.swift */; };
		72D859832B6BB6AA0095DA9F /* RMSearchViewViewModel.swift in Sources */ = {isa = PBXBuildFile; fileRef = 72D859822B6BB6AA0095DA9F /* RMSearchViewViewModel.swift */; };
		72D859852B6BB91E0095DA9F /* RMNoSearchResultsView.swift in Sources */ = {isa = PBXBuildFile; fileRef = 72D859842B6BB91E0095DA9F /* RMNoSearchResultsView.swift */; };
		72D859882B6BB96F0095DA9F /* RMNoSearchResultsViewViewModel.swift in Sources */ = {isa = PBXBuildFile; fileRef = 72D859872B6BB96F0095DA9F /* RMNoSearchResultsViewViewModel.swift */; };
		72D8598A2B6BB9D60095DA9F /* RMSearchInputView.swift in Sources */ = {isa = PBXBuildFile; fileRef = 72D859892B6BB9D60095DA9F /* RMSearchInputView.swift */; };
		72D8598C2B6BB9F90095DA9F /* RMSearchInputViewViewModel.swift in Sources */ = {isa = PBXBuildFile; fileRef = 72D8598B2B6BB9F90095DA9F /* RMSearchInputViewViewModel.swift */; };
		72D8598E2B711D7E0095DA9F /* RMSearchOptionPickerViewController.swift in Sources */ = {isa = PBXBuildFile; fileRef = 72D8598D2B711D7E0095DA9F /* RMSearchOptionPickerViewController.swift */; };
		72D9A0D52B5414DA00AF83B6 /* RMGetAllCharactersResponse.swift in Sources */ = {isa = PBXBuildFile; fileRef = 72D9A0D42B5414DA00AF83B6 /* RMGetAllCharactersResponse.swift */; };
		72D9A0D72B5420BB00AF83B6 /* RMCharacterListViewViewModel.swift in Sources */ = {isa = PBXBuildFile; fileRef = 72D9A0D62B5420BB00AF83B6 /* RMCharacterListViewViewModel.swift */; };
		72D9A0D92B54215E00AF83B6 /* RMCharacterListView.swift in Sources */ = {isa = PBXBuildFile; fileRef = 72D9A0D82B54215E00AF83B6 /* RMCharacterListView.swift */; };
		72D9A0DB2B5427BF00AF83B6 /* Extensions.swift in Sources */ = {isa = PBXBuildFile; fileRef = 72D9A0DA2B5427BF00AF83B6 /* Extensions.swift */; };
		72D9A0DD2B545B0500AF83B6 /* RMCharacterCollectionViewCell.swift in Sources */ = {isa = PBXBuildFile; fileRef = 72D9A0DC2B545B0500AF83B6 /* RMCharacterCollectionViewCell.swift */; };
		72D9A0DF2B545D6300AF83B6 /* RMCharacterCollectionViewCellViewModel.swift in Sources */ = {isa = PBXBuildFile; fileRef = 72D9A0DE2B545D6300AF83B6 /* RMCharacterCollectionViewCellViewModel.swift */; };
		72D9A0E22B55830700AF83B6 /* RMCharacterDetailViewController.swift in Sources */ = {isa = PBXBuildFile; fileRef = 72D9A0E12B55830700AF83B6 /* RMCharacterDetailViewController.swift */; };
		72D9A0E42B5584CF00AF83B6 /* RMCharacterDetailView.swift in Sources */ = {isa = PBXBuildFile; fileRef = 72D9A0E32B5584CF00AF83B6 /* RMCharacterDetailView.swift */; };
		72D9A0E62B55850500AF83B6 /* RMCharacterDetailViewViewModel.swift in Sources */ = {isa = PBXBuildFile; fileRef = 72D9A0E52B55850500AF83B6 /* RMCharacterDetailViewViewModel.swift */; };
		72D9A0E82B55B24600AF83B6 /* RMFooterLoadingCollectionReusableView.swift in Sources */ = {isa = PBXBuildFile; fileRef = 72D9A0E72B55B24600AF83B6 /* RMFooterLoadingCollectionReusableView.swift */; };
		72D9A0EA2B56F9C600AF83B6 /* RMImageLoader.swift in Sources */ = {isa = PBXBuildFile; fileRef = 72D9A0E92B56F9C600AF83B6 /* RMImageLoader.swift */; };
		72D9A0EE2B5832A100AF83B6 /* RMCharacterPhotoCollectionViewCell.swift in Sources */ = {isa = PBXBuildFile; fileRef = 72D9A0ED2B5832A100AF83B6 /* RMCharacterPhotoCollectionViewCell.swift */; };
		72D9A0F02B5832BE00AF83B6 /* RMCharacterInfoCollectionViewCell.swift in Sources */ = {isa = PBXBuildFile; fileRef = 72D9A0EF2B5832BE00AF83B6 /* RMCharacterInfoCollectionViewCell.swift */; };
		72D9A0F22B5832E700AF83B6 /* RMCharacterEpisodeCollectionViewCell.swift in Sources */ = {isa = PBXBuildFile; fileRef = 72D9A0F12B5832E700AF83B6 /* RMCharacterEpisodeCollectionViewCell.swift */; };
		72D9A0F52B5856C100AF83B6 /* RMCharacterPhotoCollectionViewCellViewModel.swift in Sources */ = {isa = PBXBuildFile; fileRef = 72D9A0F42B5856C100AF83B6 /* RMCharacterPhotoCollectionViewCellViewModel.swift */; };
		72D9A0F72B5856D600AF83B6 /* RMCharacterInfoCollectionViewCellViewModel.swift in Sources */ = {isa = PBXBuildFile; fileRef = 72D9A0F62B5856D600AF83B6 /* RMCharacterInfoCollectionViewCellViewModel.swift */; };
		72D9A0F92B5856EF00AF83B6 /* RMCharacterEpisodeCollectionViewCellViewModel.swift in Sources */ = {isa = PBXBuildFile; fileRef = 72D9A0F82B5856EF00AF83B6 /* RMCharacterEpisodeCollectionViewCellViewModel.swift */; };
		72DDFCA92B5EAB5000815AC5 /* RMEpisodeDetailViewController.swift in Sources */ = {isa = PBXBuildFile; fileRef = 72DDFCA82B5EAB5000815AC5 /* RMEpisodeDetailViewController.swift */; };
		72DDFCAB2B5EEB1700815AC5 /* RMAPICacheManager.swift in Sources */ = {isa = PBXBuildFile; fileRef = 72DDFCAA2B5EEB1700815AC5 /* RMAPICacheManager.swift */; };
		72DDFCAD2B5EF5EA00815AC5 /* RMEpisodeDetailViewViewModel.swift in Sources */ = {isa = PBXBuildFile; fileRef = 72DDFCAC2B5EF5EA00815AC5 /* RMEpisodeDetailViewViewModel.swift */; };
		72DDFCAF2B5EF66800815AC5 /* RMEpisodeDetailView.swift in Sources */ = {isa = PBXBuildFile; fileRef = 72DDFCAE2B5EF66800815AC5 /* RMEpisodeDetailView.swift */; };
		72DDFCB22B5FDB7000815AC5 /* RMEpisodeListView.swift in Sources */ = {isa = PBXBuildFile; fileRef = 72DDFCB12B5FDB7000815AC5 /* RMEpisodeListView.swift */; };
		72DDFCB42B5FE51900815AC5 /* RMEpisodeListViewViewModel.swift in Sources */ = {isa = PBXBuildFile; fileRef = 72DDFCB32B5FE51900815AC5 /* RMEpisodeListViewViewModel.swift */; };
		72DDFCB62B5FF50100815AC5 /* RMGetAllEpisodesResponse.swift in Sources */ = {isa = PBXBuildFile; fileRef = 72DDFCB52B5FF50100815AC5 /* RMGetAllEpisodesResponse.swift */; };
		72EB38682B51637400160A66 /* RMOrigin.swift in Sources */ = {isa = PBXBuildFile; fileRef = 72EB38672B51637400160A66 /* RMOrigin.swift */; };
		72EB386A2B51643300160A66 /* RMSingleLocation.swift in Sources */ = {isa = PBXBuildFile; fileRef = 72EB38692B51643300160A66 /* RMSingleLocation.swift */; };
		72EB386C2B51663800160A66 /* RMCharacterStatus.swift in Sources */ = {isa = PBXBuildFile; fileRef = 72EB386B2B51663800160A66 /* RMCharacterStatus.swift */; };
		72EB386E2B5166A200160A66 /* RMCharacterGender.swift in Sources */ = {isa = PBXBuildFile; fileRef = 72EB386D2B5166A200160A66 /* RMCharacterGender.swift */; };
/* End PBXBuildFile section */

/* Begin PBXFileReference section */
		720D2CA12B5011660037F7D5 /* RickAndMortyApp.app */ = {isa = PBXFileReference; explicitFileType = wrapper.application; includeInIndex = 0; path = RickAndMortyApp.app; sourceTree = BUILT_PRODUCTS_DIR; };
		720D2CA42B5011660037F7D5 /* AppDelegate.swift */ = {isa = PBXFileReference; lastKnownFileType = sourcecode.swift; path = AppDelegate.swift; sourceTree = "<group>"; };
		720D2CA62B5011660037F7D5 /* SceneDelegate.swift */ = {isa = PBXFileReference; lastKnownFileType = sourcecode.swift; path = SceneDelegate.swift; sourceTree = "<group>"; };
		720D2CA82B5011660037F7D5 /* RMTabBarController.swift */ = {isa = PBXFileReference; lastKnownFileType = sourcecode.swift; path = RMTabBarController.swift; sourceTree = "<group>"; };
		720D2CAD2B5011680037F7D5 /* Assets.xcassets */ = {isa = PBXFileReference; lastKnownFileType = folder.assetcatalog; path = Assets.xcassets; sourceTree = "<group>"; };
		720D2CB02B5011680037F7D5 /* Base */ = {isa = PBXFileReference; lastKnownFileType = file.storyboard; name = Base; path = Base.lproj/LaunchScreen.storyboard; sourceTree = "<group>"; };
		720D2CB22B5011680037F7D5 /* Info.plist */ = {isa = PBXFileReference; lastKnownFileType = text.plist.xml; path = Info.plist; sourceTree = "<group>"; };
		720D2CBF2B5015920037F7D5 /* RMLocation.swift */ = {isa = PBXFileReference; lastKnownFileType = sourcecode.swift; path = RMLocation.swift; sourceTree = "<group>"; };
		720D2CC12B5015A30037F7D5 /* RMCharacter.swift */ = {isa = PBXFileReference; lastKnownFileType = sourcecode.swift; path = RMCharacter.swift; sourceTree = "<group>"; };
		720D2CC32B5015B10037F7D5 /* RMEpisode.swift */ = {isa = PBXFileReference; lastKnownFileType = sourcecode.swift; path = RMEpisode.swift; sourceTree = "<group>"; };
		720D2CC62B5016B50037F7D5 /* RMCharacterViewController.swift */ = {isa = PBXFileReference; lastKnownFileType = sourcecode.swift; path = RMCharacterViewController.swift; sourceTree = "<group>"; };
		720D2CC82B5016D90037F7D5 /* RMLocationViewController.swift */ = {isa = PBXFileReference; lastKnownFileType = sourcecode.swift; path = RMLocationViewController.swift; sourceTree = "<group>"; };
		720D2CCA2B5016F70037F7D5 /* RMEpisodeViewController.swift */ = {isa = PBXFileReference; lastKnownFileType = sourcecode.swift; path = RMEpisodeViewController.swift; sourceTree = "<group>"; };
		720D2CCC2B5017170037F7D5 /* RMSettingsViewController.swift */ = {isa = PBXFileReference; lastKnownFileType = sourcecode.swift; path = RMSettingsViewController.swift; sourceTree = "<group>"; };
		720D2CCE2B50672F0037F7D5 /* RMService.swift */ = {isa = PBXFileReference; lastKnownFileType = sourcecode.swift; path = RMService.swift; sourceTree = "<group>"; };
		720D2CD02B50673F0037F7D5 /* RMRequest.swift */ = {isa = PBXFileReference; lastKnownFileType = sourcecode.swift; path = RMRequest.swift; sourceTree = "<group>"; };
		720D2CD22B5068250037F7D5 /* RMEndpoint.swift */ = {isa = PBXFileReference; lastKnownFileType = sourcecode.swift; path = RMEndpoint.swift; sourceTree = "<group>"; };
		725948A82B6A30BF0072ADB7 /* RMSettingsView.swift */ = {isa = PBXFileReference; lastKnownFileType = sourcecode.swift; path = RMSettingsView.swift; sourceTree = "<group>"; };
		727531482B63E76900ADA8D2 /* RMSearchViewController.swift */ = {isa = PBXFileReference; lastKnownFileType = sourcecode.swift; path = RMSearchViewController.swift; sourceTree = "<group>"; };
		7275314B2B643AD700ADA8D2 /* RMEpisodeInfoCollectionViewCell.swift */ = {isa = PBXFileReference; lastKnownFileType = sourcecode.swift; path = RMEpisodeInfoCollectionViewCell.swift; sourceTree = "<group>"; };
		7275314E2B643B2E00ADA8D2 /* RMEpisodeInfoCollectionViewCellViewModel.swift */ = {isa = PBXFileReference; lastKnownFileType = sourcecode.swift; path = RMEpisodeInfoCollectionViewCellViewModel.swift; sourceTree = "<group>"; };
		727531512B69783000ADA8D2 /* RMSettingsViewViewModel.swift */ = {isa = PBXFileReference; lastKnownFileType = sourcecode.swift; path = RMSettingsViewViewModel.swift; sourceTree = "<group>"; };
		727531532B6978D800ADA8D2 /* RMSettingsCellViewModel.swift */ = {isa = PBXFileReference; lastKnownFileType = sourcecode.swift; path = RMSettingsCellViewModel.swift; sourceTree = "<group>"; };
		727531552B6979B400ADA8D2 /* RMSettingsOption.swift */ = {isa = PBXFileReference; lastKnownFileType = sourcecode.swift; path = RMSettingsOption.swift; sourceTree = "<group>"; };
		72B533832B73A3A7002A6CA5 /* RMSearchResultViewModel.swift */ = {isa = PBXFileReference; lastKnownFileType = sourcecode.swift; path = RMSearchResultViewModel.swift; sourceTree = "<group>"; };
		72D8596D2B6A80020095DA9F /* RMLocationView.swift */ = {isa = PBXFileReference; lastKnownFileType = sourcecode.swift; path = RMLocationView.swift; sourceTree = "<group>"; };
		72D8596F2B6A86DA0095DA9F /* RMLocationViewViewModel.swift */ = {isa = PBXFileReference; lastKnownFileType = sourcecode.swift; path = RMLocationViewViewModel.swift; sourceTree = "<group>"; };
		72D859712B6A93E00095DA9F /* RMGetAllLocationsResponse.swift */ = {isa = PBXFileReference; lastKnownFileType = sourcecode.swift; path = RMGetAllLocationsResponse.swift; sourceTree = "<group>"; };
		72D859732B6A98850095DA9F /* RMLocationTableViewCell.swift */ = {isa = PBXFileReference; lastKnownFileType = sourcecode.swift; path = RMLocationTableViewCell.swift; sourceTree = "<group>"; };
		72D859762B6A99D40095DA9F /* RMLocationTableViewCellViewModel.swift */ = {isa = PBXFileReference; lastKnownFileType = sourcecode.swift; path = RMLocationTableViewCellViewModel.swift; sourceTree = "<group>"; };
		72D859782B6AD2930095DA9F /* RMLocationDetailViewController.swift */ = {isa = PBXFileReference; lastKnownFileType = sourcecode.swift; path = RMLocationDetailViewController.swift; sourceTree = "<group>"; };
		72D8597B2B6AD58F0095DA9F /* RMLocationDetailView.swift */ = {isa = PBXFileReference; lastKnownFileType = sourcecode.swift; path = RMLocationDetailView.swift; sourceTree = "<group>"; };
		72D8597D2B6AD7990095DA9F /* RMLocationDetailViewViewModel.swift */ = {isa = PBXFileReference; lastKnownFileType = sourcecode.swift; path = RMLocationDetailViewViewModel.swift; sourceTree = "<group>"; };
		72D859802B6BB5D70095DA9F /* RMSearchView.swift */ = {isa = PBXFileReference; lastKnownFileType = sourcecode.swift; path = RMSearchView.swift; sourceTree = "<group>"; };
		72D859822B6BB6AA0095DA9F /* RMSearchViewViewModel.swift */ = {isa = PBXFileReference; lastKnownFileType = sourcecode.swift; path = RMSearchViewViewModel.swift; sourceTree = "<group>"; };
		72D859842B6BB91E0095DA9F /* RMNoSearchResultsView.swift */ = {isa = PBXFileReference; lastKnownFileType = sourcecode.swift; path = RMNoSearchResultsView.swift; sourceTree = "<group>"; };
		72D859872B6BB96F0095DA9F /* RMNoSearchResultsViewViewModel.swift */ = {isa = PBXFileReference; lastKnownFileType = sourcecode.swift; path = RMNoSearchResultsViewViewModel.swift; sourceTree = "<group>"; };
		72D859892B6BB9D60095DA9F /* RMSearchInputView.swift */ = {isa = PBXFileReference; lastKnownFileType = sourcecode.swift; path = RMSearchInputView.swift; sourceTree = "<group>"; };
		72D8598B2B6BB9F90095DA9F /* RMSearchInputViewViewModel.swift */ = {isa = PBXFileReference; lastKnownFileType = sourcecode.swift; path = RMSearchInputViewViewModel.swift; sourceTree = "<group>"; };
		72D8598D2B711D7E0095DA9F /* RMSearchOptionPickerViewController.swift */ = {isa = PBXFileReference; lastKnownFileType = sourcecode.swift; path = RMSearchOptionPickerViewController.swift; sourceTree = "<group>"; };
		72D9A0D42B5414DA00AF83B6 /* RMGetAllCharactersResponse.swift */ = {isa = PBXFileReference; lastKnownFileType = sourcecode.swift; path = RMGetAllCharactersResponse.swift; sourceTree = "<group>"; };
		72D9A0D62B5420BB00AF83B6 /* RMCharacterListViewViewModel.swift */ = {isa = PBXFileReference; lastKnownFileType = sourcecode.swift; path = RMCharacterListViewViewModel.swift; sourceTree = "<group>"; };
		72D9A0D82B54215E00AF83B6 /* RMCharacterListView.swift */ = {isa = PBXFileReference; lastKnownFileType = sourcecode.swift; path = RMCharacterListView.swift; sourceTree = "<group>"; };
		72D9A0DA2B5427BF00AF83B6 /* Extensions.swift */ = {isa = PBXFileReference; lastKnownFileType = sourcecode.swift; path = Extensions.swift; sourceTree = "<group>"; };
		72D9A0DC2B545B0500AF83B6 /* RMCharacterCollectionViewCell.swift */ = {isa = PBXFileReference; lastKnownFileType = sourcecode.swift; path = RMCharacterCollectionViewCell.swift; sourceTree = "<group>"; };
		72D9A0DE2B545D6300AF83B6 /* RMCharacterCollectionViewCellViewModel.swift */ = {isa = PBXFileReference; lastKnownFileType = sourcecode.swift; path = RMCharacterCollectionViewCellViewModel.swift; sourceTree = "<group>"; };
		72D9A0E12B55830700AF83B6 /* RMCharacterDetailViewController.swift */ = {isa = PBXFileReference; lastKnownFileType = sourcecode.swift; path = RMCharacterDetailViewController.swift; sourceTree = "<group>"; };
		72D9A0E32B5584CF00AF83B6 /* RMCharacterDetailView.swift */ = {isa = PBXFileReference; lastKnownFileType = sourcecode.swift; path = RMCharacterDetailView.swift; sourceTree = "<group>"; };
		72D9A0E52B55850500AF83B6 /* RMCharacterDetailViewViewModel.swift */ = {isa = PBXFileReference; lastKnownFileType = sourcecode.swift; path = RMCharacterDetailViewViewModel.swift; sourceTree = "<group>"; };
		72D9A0E72B55B24600AF83B6 /* RMFooterLoadingCollectionReusableView.swift */ = {isa = PBXFileReference; lastKnownFileType = sourcecode.swift; path = RMFooterLoadingCollectionReusableView.swift; sourceTree = "<group>"; };
		72D9A0E92B56F9C600AF83B6 /* RMImageLoader.swift */ = {isa = PBXFileReference; lastKnownFileType = sourcecode.swift; path = RMImageLoader.swift; sourceTree = "<group>"; };
		72D9A0ED2B5832A100AF83B6 /* RMCharacterPhotoCollectionViewCell.swift */ = {isa = PBXFileReference; lastKnownFileType = sourcecode.swift; path = RMCharacterPhotoCollectionViewCell.swift; sourceTree = "<group>"; };
		72D9A0EF2B5832BE00AF83B6 /* RMCharacterInfoCollectionViewCell.swift */ = {isa = PBXFileReference; lastKnownFileType = sourcecode.swift; path = RMCharacterInfoCollectionViewCell.swift; sourceTree = "<group>"; };
		72D9A0F12B5832E700AF83B6 /* RMCharacterEpisodeCollectionViewCell.swift */ = {isa = PBXFileReference; lastKnownFileType = sourcecode.swift; path = RMCharacterEpisodeCollectionViewCell.swift; sourceTree = "<group>"; };
		72D9A0F42B5856C100AF83B6 /* RMCharacterPhotoCollectionViewCellViewModel.swift */ = {isa = PBXFileReference; lastKnownFileType = sourcecode.swift; path = RMCharacterPhotoCollectionViewCellViewModel.swift; sourceTree = "<group>"; };
		72D9A0F62B5856D600AF83B6 /* RMCharacterInfoCollectionViewCellViewModel.swift */ = {isa = PBXFileReference; lastKnownFileType = sourcecode.swift; path = RMCharacterInfoCollectionViewCellViewModel.swift; sourceTree = "<group>"; };
		72D9A0F82B5856EF00AF83B6 /* RMCharacterEpisodeCollectionViewCellViewModel.swift */ = {isa = PBXFileReference; lastKnownFileType = sourcecode.swift; path = RMCharacterEpisodeCollectionViewCellViewModel.swift; sourceTree = "<group>"; };
		72DDFCA82B5EAB5000815AC5 /* RMEpisodeDetailViewController.swift */ = {isa = PBXFileReference; lastKnownFileType = sourcecode.swift; path = RMEpisodeDetailViewController.swift; sourceTree = "<group>"; };
		72DDFCAA2B5EEB1700815AC5 /* RMAPICacheManager.swift */ = {isa = PBXFileReference; lastKnownFileType = sourcecode.swift; path = RMAPICacheManager.swift; sourceTree = "<group>"; };
		72DDFCAC2B5EF5EA00815AC5 /* RMEpisodeDetailViewViewModel.swift */ = {isa = PBXFileReference; lastKnownFileType = sourcecode.swift; path = RMEpisodeDetailViewViewModel.swift; sourceTree = "<group>"; };
		72DDFCAE2B5EF66800815AC5 /* RMEpisodeDetailView.swift */ = {isa = PBXFileReference; lastKnownFileType = sourcecode.swift; path = RMEpisodeDetailView.swift; sourceTree = "<group>"; };
		72DDFCB12B5FDB7000815AC5 /* RMEpisodeListView.swift */ = {isa = PBXFileReference; lastKnownFileType = sourcecode.swift; path = RMEpisodeListView.swift; sourceTree = "<group>"; };
		72DDFCB32B5FE51900815AC5 /* RMEpisodeListViewViewModel.swift */ = {isa = PBXFileReference; lastKnownFileType = sourcecode.swift; path = RMEpisodeListViewViewModel.swift; sourceTree = "<group>"; };
		72DDFCB52B5FF50100815AC5 /* RMGetAllEpisodesResponse.swift */ = {isa = PBXFileReference; lastKnownFileType = sourcecode.swift; path = RMGetAllEpisodesResponse.swift; sourceTree = "<group>"; };
		72EB38672B51637400160A66 /* RMOrigin.swift */ = {isa = PBXFileReference; lastKnownFileType = sourcecode.swift; path = RMOrigin.swift; sourceTree = "<group>"; };
		72EB38692B51643300160A66 /* RMSingleLocation.swift */ = {isa = PBXFileReference; lastKnownFileType = sourcecode.swift; path = RMSingleLocation.swift; sourceTree = "<group>"; };
		72EB386B2B51663800160A66 /* RMCharacterStatus.swift */ = {isa = PBXFileReference; lastKnownFileType = sourcecode.swift; path = RMCharacterStatus.swift; sourceTree = "<group>"; };
		72EB386D2B5166A200160A66 /* RMCharacterGender.swift */ = {isa = PBXFileReference; lastKnownFileType = sourcecode.swift; path = RMCharacterGender.swift; sourceTree = "<group>"; };
/* End PBXFileReference section */

/* Begin PBXFrameworksBuildPhase section */
		720D2C9E2B5011660037F7D5 /* Frameworks */ = {
			isa = PBXFrameworksBuildPhase;
			buildActionMask = 2147483647;
			files = (
			);
			runOnlyForDeploymentPostprocessing = 0;
		};
/* End PBXFrameworksBuildPhase section */

/* Begin PBXGroup section */
		720D2C982B5011660037F7D5 = {
			isa = PBXGroup;
			children = (
				720D2CA32B5011660037F7D5 /* RickAndMortyApp */,
				720D2CA22B5011660037F7D5 /* Products */,
			);
			sourceTree = "<group>";
		};
		720D2CA22B5011660037F7D5 /* Products */ = {
			isa = PBXGroup;
			children = (
				720D2CA12B5011660037F7D5 /* RickAndMortyApp.app */,
			);
			name = Products;
			sourceTree = "<group>";
		};
		720D2CA32B5011660037F7D5 /* RickAndMortyApp */ = {
			isa = PBXGroup;
			children = (
				720D2CBE2B5014B80037F7D5 /* Resources */,
				720D2CBD2B5014A30037F7D5 /* Managers */,
				720D2CBC2B5014950037F7D5 /* APIClient */,
				720D2CBB2B5014660037F7D5 /* ViewModels */,
				720D2CBA2B5014600037F7D5 /* Views */,
				720D2CB92B50143F0037F7D5 /* Models */,
				720D2CB82B5014290037F7D5 /* Controllers */,
				720D2CB22B5011680037F7D5 /* Info.plist */,
			);
			path = RickAndMortyApp;
			sourceTree = "<group>";
		};
		720D2CB82B5014290037F7D5 /* Controllers */ = {
			isa = PBXGroup;
			children = (
				72D9A0E02B5582A200AF83B6 /* Other */,
				720D2CC52B5016320037F7D5 /* Core */,
			);
			path = Controllers;
			sourceTree = "<group>";
		};
		720D2CB92B50143F0037F7D5 /* Models */ = {
			isa = PBXGroup;
			children = (
				72D9A0D32B54144D00AF83B6 /* APIResponseTypes */,
				72D9A0D22B54142600AF83B6 /* DataTypes */,
			);
			path = Models;
			sourceTree = "<group>";
		};
		720D2CBA2B5014600037F7D5 /* Views */ = {
			isa = PBXGroup;
			children = (
				72D8597F2B6BB5A50095DA9F /* Search */,
				72D8597A2B6AD5520095DA9F /* LocationDetails */,
				72D8596C2B6A7FCD0095DA9F /* Location */,
				725948A72B6A308F0072ADB7 /* SwiftUI */,
				7275314A2B643A4700ADA8D2 /* EpisodeDetails */,
				72DDFCB02B5FDB3D00815AC5 /* Episode */,
				72D9A0EB2B58321200AF83B6 /* CharacterDetails */,
				72D9A0EC2B58323400AF83B6 /* Character */,
			);
			path = Views;
			sourceTree = "<group>";
		};
		720D2CBB2B5014660037F7D5 /* ViewModels */ = {
			isa = PBXGroup;
			children = (
				72D859862B6BB9450095DA9F /* Search */,
				72D859752B6A99960095DA9F /* Locations */,
				727531502B69780700ADA8D2 /* Settings */,
				7275314D2B643AFE00ADA8D2 /* EpisodeDetail */,
				72D9A0F32B58565B00AF83B6 /* CharacterDetail */,
				72D9A0D62B5420BB00AF83B6 /* RMCharacterListViewViewModel.swift */,
				72D9A0DE2B545D6300AF83B6 /* RMCharacterCollectionViewCellViewModel.swift */,
				72DDFCB32B5FE51900815AC5 /* RMEpisodeListViewViewModel.swift */,
			);
			path = ViewModels;
			sourceTree = "<group>";
		};
		720D2CBC2B5014950037F7D5 /* APIClient */ = {
			isa = PBXGroup;
			children = (
				720D2CCE2B50672F0037F7D5 /* RMService.swift */,
				720D2CD02B50673F0037F7D5 /* RMRequest.swift */,
				720D2CD22B5068250037F7D5 /* RMEndpoint.swift */,
			);
			path = APIClient;
			sourceTree = "<group>";
		};
		720D2CBD2B5014A30037F7D5 /* Managers */ = {
			isa = PBXGroup;
			children = (
				72D9A0E92B56F9C600AF83B6 /* RMImageLoader.swift */,
				72DDFCAA2B5EEB1700815AC5 /* RMAPICacheManager.swift */,
			);
			path = Managers;
			sourceTree = "<group>";
		};
		720D2CBE2B5014B80037F7D5 /* Resources */ = {
			isa = PBXGroup;
			children = (
				720D2CAD2B5011680037F7D5 /* Assets.xcassets */,
				720D2CAF2B5011680037F7D5 /* LaunchScreen.storyboard */,
				720D2CA42B5011660037F7D5 /* AppDelegate.swift */,
				720D2CA62B5011660037F7D5 /* SceneDelegate.swift */,
				72D9A0DA2B5427BF00AF83B6 /* Extensions.swift */,
			);
			path = Resources;
			sourceTree = "<group>";
		};
		720D2CC52B5016320037F7D5 /* Core */ = {
			isa = PBXGroup;
			children = (
				720D2CA82B5011660037F7D5 /* RMTabBarController.swift */,
				720D2CC62B5016B50037F7D5 /* RMCharacterViewController.swift */,
				720D2CC82B5016D90037F7D5 /* RMLocationViewController.swift */,
				720D2CCA2B5016F70037F7D5 /* RMEpisodeViewController.swift */,
				720D2CCC2B5017170037F7D5 /* RMSettingsViewController.swift */,
			);
			path = Core;
			sourceTree = "<group>";
		};
		725948A72B6A308F0072ADB7 /* SwiftUI */ = {
			isa = PBXGroup;
			children = (
				725948A82B6A30BF0072ADB7 /* RMSettingsView.swift */,
			);
			path = SwiftUI;
			sourceTree = "<group>";
		};
		7275314A2B643A4700ADA8D2 /* EpisodeDetails */ = {
			isa = PBXGroup;
			children = (
				72DDFCAE2B5EF66800815AC5 /* RMEpisodeDetailView.swift */,
				7275314B2B643AD700ADA8D2 /* RMEpisodeInfoCollectionViewCell.swift */,
			);
			path = EpisodeDetails;
			sourceTree = "<group>";
		};
		7275314D2B643AFE00ADA8D2 /* EpisodeDetail */ = {
			isa = PBXGroup;
			children = (
				72DDFCAC2B5EF5EA00815AC5 /* RMEpisodeDetailViewViewModel.swift */,
				7275314E2B643B2E00ADA8D2 /* RMEpisodeInfoCollectionViewCellViewModel.swift */,
			);
			path = EpisodeDetail;
			sourceTree = "<group>";
		};
		727531502B69780700ADA8D2 /* Settings */ = {
			isa = PBXGroup;
			children = (
				727531512B69783000ADA8D2 /* RMSettingsViewViewModel.swift */,
				727531532B6978D800ADA8D2 /* RMSettingsCellViewModel.swift */,
				727531552B6979B400ADA8D2 /* RMSettingsOption.swift */,
			);
			path = Settings;
			sourceTree = "<group>";
		};
		72D8596C2B6A7FCD0095DA9F /* Location */ = {
			isa = PBXGroup;
			children = (
				72D8596D2B6A80020095DA9F /* RMLocationView.swift */,
				72D859732B6A98850095DA9F /* RMLocationTableViewCell.swift */,
			);
			path = Location;
			sourceTree = "<group>";
		};
		72D859752B6A99960095DA9F /* Locations */ = {
			isa = PBXGroup;
			children = (
				72D8596F2B6A86DA0095DA9F /* RMLocationViewViewModel.swift */,
				72D859762B6A99D40095DA9F /* RMLocationTableViewCellViewModel.swift */,
				72D8597D2B6AD7990095DA9F /* RMLocationDetailViewViewModel.swift */,
			);
			path = Locations;
			sourceTree = "<group>";
		};
		72D8597A2B6AD5520095DA9F /* LocationDetails */ = {
			isa = PBXGroup;
			children = (
				72D8597B2B6AD58F0095DA9F /* RMLocationDetailView.swift */,
			);
			path = LocationDetails;
			sourceTree = "<group>";
		};
		72D8597F2B6BB5A50095DA9F /* Search */ = {
			isa = PBXGroup;
			children = (
				72D859802B6BB5D70095DA9F /* RMSearchView.swift */,
				72D859842B6BB91E0095DA9F /* RMNoSearchResultsView.swift */,
				72D859892B6BB9D60095DA9F /* RMSearchInputView.swift */,
			);
			path = Search;
			sourceTree = "<group>";
		};
		72D859862B6BB9450095DA9F /* Search */ = {
			isa = PBXGroup;
			children = (
				72D859822B6BB6AA0095DA9F /* RMSearchViewViewModel.swift */,
				72D859872B6BB96F0095DA9F /* RMNoSearchResultsViewViewModel.swift */,
				72D8598B2B6BB9F90095DA9F /* RMSearchInputViewViewModel.swift */,
				72B533832B73A3A7002A6CA5 /* RMSearchResultViewModel.swift */,
			);
			path = Search;
			sourceTree = "<group>";
		};
		72D8598F2B711FF50095DA9F /* Search */ = {
			isa = PBXGroup;
			children = (
				727531482B63E76900ADA8D2 /* RMSearchViewController.swift */,
				72D8598D2B711D7E0095DA9F /* RMSearchOptionPickerViewController.swift */,
			);
			path = Search;
			sourceTree = "<group>";
		};
		72D9A0D22B54142600AF83B6 /* DataTypes */ = {
			isa = PBXGroup;
			children = (
				720D2CBF2B5015920037F7D5 /* RMLocation.swift */,
				720D2CC12B5015A30037F7D5 /* RMCharacter.swift */,
				720D2CC32B5015B10037F7D5 /* RMEpisode.swift */,
				72EB38672B51637400160A66 /* RMOrigin.swift */,
				72EB38692B51643300160A66 /* RMSingleLocation.swift */,
				72EB386B2B51663800160A66 /* RMCharacterStatus.swift */,
				72EB386D2B5166A200160A66 /* RMCharacterGender.swift */,
			);
			path = DataTypes;
			sourceTree = "<group>";
		};
		72D9A0D32B54144D00AF83B6 /* APIResponseTypes */ = {
			isa = PBXGroup;
			children = (
				72D9A0D42B5414DA00AF83B6 /* RMGetAllCharactersResponse.swift */,
				72DDFCB52B5FF50100815AC5 /* RMGetAllEpisodesResponse.swift */,
				72D859712B6A93E00095DA9F /* RMGetAllLocationsResponse.swift */,
			);
			path = APIResponseTypes;
			sourceTree = "<group>";
		};
		72D9A0E02B5582A200AF83B6 /* Other */ = {
			isa = PBXGroup;
			children = (
				72D8598F2B711FF50095DA9F /* Search */,
				72D9A0E12B55830700AF83B6 /* RMCharacterDetailViewController.swift */,
				72DDFCA82B5EAB5000815AC5 /* RMEpisodeDetailViewController.swift */,
				72D859782B6AD2930095DA9F /* RMLocationDetailViewController.swift */,
			);
			path = Other;
			sourceTree = "<group>";
		};
		72D9A0EB2B58321200AF83B6 /* CharacterDetails */ = {
			isa = PBXGroup;
			children = (
				72D9A0E32B5584CF00AF83B6 /* RMCharacterDetailView.swift */,
				72D9A0ED2B5832A100AF83B6 /* RMCharacterPhotoCollectionViewCell.swift */,
				72D9A0EF2B5832BE00AF83B6 /* RMCharacterInfoCollectionViewCell.swift */,
				72D9A0F12B5832E700AF83B6 /* RMCharacterEpisodeCollectionViewCell.swift */,
			);
			path = CharacterDetails;
			sourceTree = "<group>";
		};
		72D9A0EC2B58323400AF83B6 /* Character */ = {
			isa = PBXGroup;
			children = (
				72D9A0D82B54215E00AF83B6 /* RMCharacterListView.swift */,
				72D9A0DC2B545B0500AF83B6 /* RMCharacterCollectionViewCell.swift */,
				72D9A0E72B55B24600AF83B6 /* RMFooterLoadingCollectionReusableView.swift */,
			);
			path = Character;
			sourceTree = "<group>";
		};
		72D9A0F32B58565B00AF83B6 /* CharacterDetail */ = {
			isa = PBXGroup;
			children = (
				72D9A0E52B55850500AF83B6 /* RMCharacterDetailViewViewModel.swift */,
				72D9A0F42B5856C100AF83B6 /* RMCharacterPhotoCollectionViewCellViewModel.swift */,
				72D9A0F62B5856D600AF83B6 /* RMCharacterInfoCollectionViewCellViewModel.swift */,
				72D9A0F82B5856EF00AF83B6 /* RMCharacterEpisodeCollectionViewCellViewModel.swift */,
			);
			path = CharacterDetail;
			sourceTree = "<group>";
		};
		72DDFCB02B5FDB3D00815AC5 /* Episode */ = {
			isa = PBXGroup;
			children = (
				72DDFCB12B5FDB7000815AC5 /* RMEpisodeListView.swift */,
			);
			path = Episode;
			sourceTree = "<group>";
		};
/* End PBXGroup section */

/* Begin PBXNativeTarget section */
		720D2CA02B5011660037F7D5 /* RickAndMortyApp */ = {
			isa = PBXNativeTarget;
			buildConfigurationList = 720D2CB52B5011680037F7D5 /* Build configuration list for PBXNativeTarget "RickAndMortyApp" */;
			buildPhases = (
				720D2C9D2B5011660037F7D5 /* Sources */,
				720D2C9E2B5011660037F7D5 /* Frameworks */,
				720D2C9F2B5011660037F7D5 /* Resources */,
			);
			buildRules = (
			);
			dependencies = (
			);
			name = RickAndMortyApp;
			productName = RickAndMortyApp;
			productReference = 720D2CA12B5011660037F7D5 /* RickAndMortyApp.app */;
			productType = "com.apple.product-type.application";
		};
/* End PBXNativeTarget section */

/* Begin PBXProject section */
		720D2C992B5011660037F7D5 /* Project object */ = {
			isa = PBXProject;
			attributes = {
				BuildIndependentTargetsInParallel = 1;
				LastSwiftUpdateCheck = 1500;
				LastUpgradeCheck = 1500;
				TargetAttributes = {
					720D2CA02B5011660037F7D5 = {
						CreatedOnToolsVersion = 15.0.1;
					};
				};
			};
			buildConfigurationList = 720D2C9C2B5011660037F7D5 /* Build configuration list for PBXProject "RickAndMortyApp" */;
			compatibilityVersion = "Xcode 14.0";
			developmentRegion = en;
			hasScannedForEncodings = 0;
			knownRegions = (
				en,
				Base,
			);
			mainGroup = 720D2C982B5011660037F7D5;
			productRefGroup = 720D2CA22B5011660037F7D5 /* Products */;
			projectDirPath = "";
			projectRoot = "";
			targets = (
				720D2CA02B5011660037F7D5 /* RickAndMortyApp */,
			);
		};
/* End PBXProject section */

/* Begin PBXResourcesBuildPhase section */
		720D2C9F2B5011660037F7D5 /* Resources */ = {
			isa = PBXResourcesBuildPhase;
			buildActionMask = 2147483647;
			files = (
				720D2CB12B5011680037F7D5 /* LaunchScreen.storyboard in Resources */,
				720D2CAE2B5011680037F7D5 /* Assets.xcassets in Resources */,
			);
			runOnlyForDeploymentPostprocessing = 0;
		};
/* End PBXResourcesBuildPhase section */

/* Begin PBXSourcesBuildPhase section */
		720D2C9D2B5011660037F7D5 /* Sources */ = {
			isa = PBXSourcesBuildPhase;
			buildActionMask = 2147483647;
			files = (
				72EB38682B51637400160A66 /* RMOrigin.swift in Sources */,
				72D9A0E62B55850500AF83B6 /* RMCharacterDetailViewViewModel.swift in Sources */,
				72EB386A2B51643300160A66 /* RMSingleLocation.swift in Sources */,
				727531492B63E76900ADA8D2 /* RMSearchViewController.swift in Sources */,
				72D859832B6BB6AA0095DA9F /* RMSearchViewViewModel.swift in Sources */,
				72D9A0D92B54215E00AF83B6 /* RMCharacterListView.swift in Sources */,
				72D859882B6BB96F0095DA9F /* RMNoSearchResultsViewViewModel.swift in Sources */,
				72D9A0D52B5414DA00AF83B6 /* RMGetAllCharactersResponse.swift in Sources */,
				72EB386C2B51663800160A66 /* RMCharacterStatus.swift in Sources */,
				72EB386E2B5166A200160A66 /* RMCharacterGender.swift in Sources */,
				72D8597E2B6AD7990095DA9F /* RMLocationDetailViewViewModel.swift in Sources */,
				72D9A0E22B55830700AF83B6 /* RMCharacterDetailViewController.swift in Sources */,
				72D859852B6BB91E0095DA9F /* RMNoSearchResultsView.swift in Sources */,
				72D9A0E82B55B24600AF83B6 /* RMFooterLoadingCollectionReusableView.swift in Sources */,
				72DDFCB22B5FDB7000815AC5 /* RMEpisodeListView.swift in Sources */,
				720D2CC92B5016D90037F7D5 /* RMLocationViewController.swift in Sources */,
				720D2CC42B5015B10037F7D5 /* RMEpisode.swift in Sources */,
				72D859722B6A93E00095DA9F /* RMGetAllLocationsResponse.swift in Sources */,
				72D9A0F02B5832BE00AF83B6 /* RMCharacterInfoCollectionViewCell.swift in Sources */,
				72D859742B6A98850095DA9F /* RMLocationTableViewCell.swift in Sources */,
				727531522B69783000ADA8D2 /* RMSettingsViewViewModel.swift in Sources */,
				720D2CA92B5011660037F7D5 /* RMTabBarController.swift in Sources */,
				72D9A0DD2B545B0500AF83B6 /* RMCharacterCollectionViewCell.swift in Sources */,
				72D9A0F72B5856D600AF83B6 /* RMCharacterInfoCollectionViewCellViewModel.swift in Sources */,
				72D8598C2B6BB9F90095DA9F /* RMSearchInputViewViewModel.swift in Sources */,
				727531562B6979B400ADA8D2 /* RMSettingsOption.swift in Sources */,
				720D2CCB2B5016F70037F7D5 /* RMEpisodeViewController.swift in Sources */,
				72D9A0EA2B56F9C600AF83B6 /* RMImageLoader.swift in Sources */,
				72D859792B6AD2930095DA9F /* RMLocationDetailViewController.swift in Sources */,
				720D2CA52B5011660037F7D5 /* AppDelegate.swift in Sources */,
				720D2CA72B5011660037F7D5 /* SceneDelegate.swift in Sources */,
				72D9A0EE2B5832A100AF83B6 /* RMCharacterPhotoCollectionViewCell.swift in Sources */,
				72D9A0F92B5856EF00AF83B6 /* RMCharacterEpisodeCollectionViewCellViewModel.swift in Sources */,
				727531542B6978D800ADA8D2 /* RMSettingsCellViewModel.swift in Sources */,
				725948A92B6A30BF0072ADB7 /* RMSettingsView.swift in Sources */,
				72D859812B6BB5D70095DA9F /* RMSearchView.swift in Sources */,
				720D2CCD2B5017170037F7D5 /* RMSettingsViewController.swift in Sources */,
				72D9A0DB2B5427BF00AF83B6 /* Extensions.swift in Sources */,
				72D8598A2B6BB9D60095DA9F /* RMSearchInputView.swift in Sources */,
				72D9A0F52B5856C100AF83B6 /* RMCharacterPhotoCollectionViewCellViewModel.swift in Sources */,
				720D2CCF2B5067300037F7D5 /* RMService.swift in Sources */,
				720D2CC02B5015920037F7D5 /* RMLocation.swift in Sources */,
				720D2CD32B5068250037F7D5 /* RMEndpoint.swift in Sources */,
				72DDFCA92B5EAB5000815AC5 /* RMEpisodeDetailViewController.swift in Sources */,
				72DDFCAF2B5EF66800815AC5 /* RMEpisodeDetailView.swift in Sources */,
				72D8597C2B6AD58F0095DA9F /* RMLocationDetailView.swift in Sources */,
				72D8598E2B711D7E0095DA9F /* RMSearchOptionPickerViewController.swift in Sources */,
				72D859772B6A99D40095DA9F /* RMLocationTableViewCellViewModel.swift in Sources */,
				720D2CC22B5015A30037F7D5 /* RMCharacter.swift in Sources */,
				72D9A0DF2B545D6300AF83B6 /* RMCharacterCollectionViewCellViewModel.swift in Sources */,
				720D2CD12B50673F0037F7D5 /* RMRequest.swift in Sources */,
				72D9A0D72B5420BB00AF83B6 /* RMCharacterListViewViewModel.swift in Sources */,
				72D9A0F22B5832E700AF83B6 /* RMCharacterEpisodeCollectionViewCell.swift in Sources */,
				720D2CC72B5016B50037F7D5 /* RMCharacterViewController.swift in Sources */,
				72D8596E2B6A80020095DA9F /* RMLocationView.swift in Sources */,
				72DDFCB42B5FE51900815AC5 /* RMEpisodeListViewViewModel.swift in Sources */,
				72B533842B73A3A7002A6CA5 /* RMSearchResultViewModel.swift in Sources */,
				72DDFCAB2B5EEB1700815AC5 /* RMAPICacheManager.swift in Sources */,
				72DDFCB62B5FF50100815AC5 /* RMGetAllEpisodesResponse.swift in Sources */,
				7275314F2B643B2E00ADA8D2 /* RMEpisodeInfoCollectionViewCellViewModel.swift in Sources */,
				7275314C2B643AD700ADA8D2 /* RMEpisodeInfoCollectionViewCell.swift in Sources */,
				72DDFCAD2B5EF5EA00815AC5 /* RMEpisodeDetailViewViewModel.swift in Sources */,
				72D9A0E42B5584CF00AF83B6 /* RMCharacterDetailView.swift in Sources */,
				72D859702B6A86DA0095DA9F /* RMLocationViewViewModel.swift in Sources */,
			);
			runOnlyForDeploymentPostprocessing = 0;
		};
/* End PBXSourcesBuildPhase section */

/* Begin PBXVariantGroup section */
		720D2CAF2B5011680037F7D5 /* LaunchScreen.storyboard */ = {
			isa = PBXVariantGroup;
			children = (
				720D2CB02B5011680037F7D5 /* Base */,
			);
			name = LaunchScreen.storyboard;
			sourceTree = "<group>";
		};
/* End PBXVariantGroup section */

/* Begin XCBuildConfiguration section */
		720D2CB32B5011680037F7D5 /* Debug */ = {
			isa = XCBuildConfiguration;
			buildSettings = {
				ALWAYS_SEARCH_USER_PATHS = NO;
				ASSETCATALOG_COMPILER_GENERATE_SWIFT_ASSET_SYMBOL_EXTENSIONS = YES;
				CLANG_ANALYZER_NONNULL = YES;
				CLANG_ANALYZER_NUMBER_OBJECT_CONVERSION = YES_AGGRESSIVE;
				CLANG_CXX_LANGUAGE_STANDARD = "gnu++20";
				CLANG_ENABLE_MODULES = YES;
				CLANG_ENABLE_OBJC_ARC = YES;
				CLANG_ENABLE_OBJC_WEAK = YES;
				CLANG_WARN_BLOCK_CAPTURE_AUTORELEASING = YES;
				CLANG_WARN_BOOL_CONVERSION = YES;
				CLANG_WARN_COMMA = YES;
				CLANG_WARN_CONSTANT_CONVERSION = YES;
				CLANG_WARN_DEPRECATED_OBJC_IMPLEMENTATIONS = YES;
				CLANG_WARN_DIRECT_OBJC_ISA_USAGE = YES_ERROR;
				CLANG_WARN_DOCUMENTATION_COMMENTS = YES;
				CLANG_WARN_EMPTY_BODY = YES;
				CLANG_WARN_ENUM_CONVERSION = YES;
				CLANG_WARN_INFINITE_RECURSION = YES;
				CLANG_WARN_INT_CONVERSION = YES;
				CLANG_WARN_NON_LITERAL_NULL_CONVERSION = YES;
				CLANG_WARN_OBJC_IMPLICIT_RETAIN_SELF = YES;
				CLANG_WARN_OBJC_LITERAL_CONVERSION = YES;
				CLANG_WARN_OBJC_ROOT_CLASS = YES_ERROR;
				CLANG_WARN_QUOTED_INCLUDE_IN_FRAMEWORK_HEADER = YES;
				CLANG_WARN_RANGE_LOOP_ANALYSIS = YES;
				CLANG_WARN_STRICT_PROTOTYPES = YES;
				CLANG_WARN_SUSPICIOUS_MOVE = YES;
				CLANG_WARN_UNGUARDED_AVAILABILITY = YES_AGGRESSIVE;
				CLANG_WARN_UNREACHABLE_CODE = YES;
				CLANG_WARN__DUPLICATE_METHOD_MATCH = YES;
				COPY_PHASE_STRIP = NO;
				DEBUG_INFORMATION_FORMAT = dwarf;
				ENABLE_STRICT_OBJC_MSGSEND = YES;
				ENABLE_TESTABILITY = YES;
				ENABLE_USER_SCRIPT_SANDBOXING = YES;
				GCC_C_LANGUAGE_STANDARD = gnu17;
				GCC_DYNAMIC_NO_PIC = NO;
				GCC_NO_COMMON_BLOCKS = YES;
				GCC_OPTIMIZATION_LEVEL = 0;
				GCC_PREPROCESSOR_DEFINITIONS = (
					"DEBUG=1",
					"$(inherited)",
				);
				GCC_WARN_64_TO_32_BIT_CONVERSION = YES;
				GCC_WARN_ABOUT_RETURN_TYPE = YES_ERROR;
				GCC_WARN_UNDECLARED_SELECTOR = YES;
				GCC_WARN_UNINITIALIZED_AUTOS = YES_AGGRESSIVE;
				GCC_WARN_UNUSED_FUNCTION = YES;
				GCC_WARN_UNUSED_VARIABLE = YES;
				IPHONEOS_DEPLOYMENT_TARGET = 17.0;
				LOCALIZATION_PREFERS_STRING_CATALOGS = YES;
				MTL_ENABLE_DEBUG_INFO = INCLUDE_SOURCE;
				MTL_FAST_MATH = YES;
				ONLY_ACTIVE_ARCH = YES;
				SDKROOT = iphoneos;
				SWIFT_ACTIVE_COMPILATION_CONDITIONS = "DEBUG $(inherited)";
				SWIFT_OPTIMIZATION_LEVEL = "-Onone";
			};
			name = Debug;
		};
		720D2CB42B5011680037F7D5 /* Release */ = {
			isa = XCBuildConfiguration;
			buildSettings = {
				ALWAYS_SEARCH_USER_PATHS = NO;
				ASSETCATALOG_COMPILER_GENERATE_SWIFT_ASSET_SYMBOL_EXTENSIONS = YES;
				CLANG_ANALYZER_NONNULL = YES;
				CLANG_ANALYZER_NUMBER_OBJECT_CONVERSION = YES_AGGRESSIVE;
				CLANG_CXX_LANGUAGE_STANDARD = "gnu++20";
				CLANG_ENABLE_MODULES = YES;
				CLANG_ENABLE_OBJC_ARC = YES;
				CLANG_ENABLE_OBJC_WEAK = YES;
				CLANG_WARN_BLOCK_CAPTURE_AUTORELEASING = YES;
				CLANG_WARN_BOOL_CONVERSION = YES;
				CLANG_WARN_COMMA = YES;
				CLANG_WARN_CONSTANT_CONVERSION = YES;
				CLANG_WARN_DEPRECATED_OBJC_IMPLEMENTATIONS = YES;
				CLANG_WARN_DIRECT_OBJC_ISA_USAGE = YES_ERROR;
				CLANG_WARN_DOCUMENTATION_COMMENTS = YES;
				CLANG_WARN_EMPTY_BODY = YES;
				CLANG_WARN_ENUM_CONVERSION = YES;
				CLANG_WARN_INFINITE_RECURSION = YES;
				CLANG_WARN_INT_CONVERSION = YES;
				CLANG_WARN_NON_LITERAL_NULL_CONVERSION = YES;
				CLANG_WARN_OBJC_IMPLICIT_RETAIN_SELF = YES;
				CLANG_WARN_OBJC_LITERAL_CONVERSION = YES;
				CLANG_WARN_OBJC_ROOT_CLASS = YES_ERROR;
				CLANG_WARN_QUOTED_INCLUDE_IN_FRAMEWORK_HEADER = YES;
				CLANG_WARN_RANGE_LOOP_ANALYSIS = YES;
				CLANG_WARN_STRICT_PROTOTYPES = YES;
				CLANG_WARN_SUSPICIOUS_MOVE = YES;
				CLANG_WARN_UNGUARDED_AVAILABILITY = YES_AGGRESSIVE;
				CLANG_WARN_UNREACHABLE_CODE = YES;
				CLANG_WARN__DUPLICATE_METHOD_MATCH = YES;
				COPY_PHASE_STRIP = NO;
				DEBUG_INFORMATION_FORMAT = "dwarf-with-dsym";
				ENABLE_NS_ASSERTIONS = NO;
				ENABLE_STRICT_OBJC_MSGSEND = YES;
				ENABLE_USER_SCRIPT_SANDBOXING = YES;
				GCC_C_LANGUAGE_STANDARD = gnu17;
				GCC_NO_COMMON_BLOCKS = YES;
				GCC_WARN_64_TO_32_BIT_CONVERSION = YES;
				GCC_WARN_ABOUT_RETURN_TYPE = YES_ERROR;
				GCC_WARN_UNDECLARED_SELECTOR = YES;
				GCC_WARN_UNINITIALIZED_AUTOS = YES_AGGRESSIVE;
				GCC_WARN_UNUSED_FUNCTION = YES;
				GCC_WARN_UNUSED_VARIABLE = YES;
				IPHONEOS_DEPLOYMENT_TARGET = 17.0;
				LOCALIZATION_PREFERS_STRING_CATALOGS = YES;
				MTL_ENABLE_DEBUG_INFO = NO;
				MTL_FAST_MATH = YES;
				SDKROOT = iphoneos;
				SWIFT_COMPILATION_MODE = wholemodule;
				VALIDATE_PRODUCT = YES;
			};
			name = Release;
		};
		720D2CB62B5011680037F7D5 /* Debug */ = {
			isa = XCBuildConfiguration;
			buildSettings = {
				ASSETCATALOG_COMPILER_APPICON_NAME = AppIcon;
				ASSETCATALOG_COMPILER_GLOBAL_ACCENT_COLOR_NAME = AccentColor;
				CODE_SIGN_STYLE = Automatic;
				CURRENT_PROJECT_VERSION = 1;
				DEVELOPMENT_TEAM = 22664Y588Z;
				GENERATE_INFOPLIST_FILE = YES;
				INFOPLIST_FILE = RickAndMortyApp/Info.plist;
				INFOPLIST_KEY_CFBundleDisplayName = "Rick & Morty";
				INFOPLIST_KEY_LSApplicationCategoryType = "public.app-category.education";
				INFOPLIST_KEY_UIApplicationSupportsIndirectInputEvents = YES;
				INFOPLIST_KEY_UILaunchStoryboardName = LaunchScreen;
				INFOPLIST_KEY_UISupportedInterfaceOrientations_iPad = "UIInterfaceOrientationPortrait UIInterfaceOrientationPortraitUpsideDown UIInterfaceOrientationLandscapeLeft UIInterfaceOrientationLandscapeRight";
				INFOPLIST_KEY_UISupportedInterfaceOrientations_iPhone = "UIInterfaceOrientationPortrait UIInterfaceOrientationLandscapeLeft UIInterfaceOrientationLandscapeRight";
				LD_RUNPATH_SEARCH_PATHS = (
					"$(inherited)",
					"@executable_path/Frameworks",
				);
				MARKETING_VERSION = 1.0;
				PRODUCT_BUNDLE_IDENTIFIER = vintage.RickAndMortyApp;
				PRODUCT_NAME = "$(TARGET_NAME)";
				SWIFT_EMIT_LOC_STRINGS = YES;
				SWIFT_VERSION = 5.0;
				TARGETED_DEVICE_FAMILY = "1,2";
			};
			name = Debug;
		};
		720D2CB72B5011680037F7D5 /* Release */ = {
			isa = XCBuildConfiguration;
			buildSettings = {
				ASSETCATALOG_COMPILER_APPICON_NAME = AppIcon;
				ASSETCATALOG_COMPILER_GLOBAL_ACCENT_COLOR_NAME = AccentColor;
				CODE_SIGN_STYLE = Automatic;
				CURRENT_PROJECT_VERSION = 1;
				DEVELOPMENT_TEAM = 22664Y588Z;
				GENERATE_INFOPLIST_FILE = YES;
				INFOPLIST_FILE = RickAndMortyApp/Info.plist;
				INFOPLIST_KEY_CFBundleDisplayName = "Rick & Morty";
				INFOPLIST_KEY_LSApplicationCategoryType = "public.app-category.education";
				INFOPLIST_KEY_UIApplicationSupportsIndirectInputEvents = YES;
				INFOPLIST_KEY_UILaunchStoryboardName = LaunchScreen;
				INFOPLIST_KEY_UISupportedInterfaceOrientations_iPad = "UIInterfaceOrientationPortrait UIInterfaceOrientationPortraitUpsideDown UIInterfaceOrientationLandscapeLeft UIInterfaceOrientationLandscapeRight";
				INFOPLIST_KEY_UISupportedInterfaceOrientations_iPhone = "UIInterfaceOrientationPortrait UIInterfaceOrientationLandscapeLeft UIInterfaceOrientationLandscapeRight";
				LD_RUNPATH_SEARCH_PATHS = (
					"$(inherited)",
					"@executable_path/Frameworks",
				);
				MARKETING_VERSION = 1.0;
				PRODUCT_BUNDLE_IDENTIFIER = vintage.RickAndMortyApp;
				PRODUCT_NAME = "$(TARGET_NAME)";
				SWIFT_EMIT_LOC_STRINGS = YES;
				SWIFT_VERSION = 5.0;
				TARGETED_DEVICE_FAMILY = "1,2";
			};
			name = Release;
		};
/* End XCBuildConfiguration section */

/* Begin XCConfigurationList section */
		720D2C9C2B5011660037F7D5 /* Build configuration list for PBXProject "RickAndMortyApp" */ = {
			isa = XCConfigurationList;
			buildConfigurations = (
				720D2CB32B5011680037F7D5 /* Debug */,
				720D2CB42B5011680037F7D5 /* Release */,
			);
			defaultConfigurationIsVisible = 0;
			defaultConfigurationName = Release;
		};
		720D2CB52B5011680037F7D5 /* Build configuration list for PBXNativeTarget "RickAndMortyApp" */ = {
			isa = XCConfigurationList;
			buildConfigurations = (
				720D2CB62B5011680037F7D5 /* Debug */,
				720D2CB72B5011680037F7D5 /* Release */,
			);
			defaultConfigurationIsVisible = 0;
			defaultConfigurationName = Release;
		};
/* End XCConfigurationList section */
	};
	rootObject = 720D2C992B5011660037F7D5 /* Project object */;
}
